{
  "object": {
    "pins": [
      {
        "package": "DataFlowFunnelCD",
        "repositoryURL": "https://github.com/matthewferguson/DataFlowFunnelCD.git",
        "state": {
          "branch": null,
          "revision": "7591d6bc2d302d0601eeb9f04dd80ea1a35d93a0",
          "version": "1.1.0"
        }
      }
    ]
  },
  "version": 1
}
