{
  "object": {
    "pins": [
      {
        "package": "DataFlowFunnelCD",
        "repositoryURL": "https://github.com/matthewferguson/DataFlowFunnelCD.git",
        "state": {
          "branch": null,
          "revision": "49e031b0093481658aa905565358cc40e24ecfac",
          "version": "1.2.0"
        }
      }
    ]
  },
  "version": 1
}
