{
  "originHash" : "72ed276c3aeeecbb700bbf62dc1bce43ffd12746ed8895ee778c31f6ab49ae82",
  "pins" : [
    {
      "identity" : "dataflowfunnelcd",
      "kind" : "remoteSourceControl",
      "location" : "https://github.com/matthewferguson/DataFlowFunnelCD.git",
      "state" : {
        "revision" : "d2a5159b6462a2a630ec40067d756cc172349144",
        "version" : "1.4.0"
      }
    }
  ],
  "version" : 3
}
