// !$*UTF8*$!
{
	archiveVersion = 1;
	classes = {
	};
	objectVersion = 56;
	objects = {

/* Begin PBXBuildFile section */
		160099602A17074E009C08FB /* FishingBoatsView.swift in Sources */ = {isa = PBXBuildFile; fileRef = 1600995F2A17074E009C08FB /* FishingBoatsView.swift */; };
		160F6EEE2A2AC527008D819F /* PondFishingSwiftUIModel.xcdatamodeld in Sources */ = {isa = PBXBuildFile; fileRef = 160F6EEC2A2AC527008D819F /* PondFishingSwiftUIModel.xcdatamodeld */; };
		160F6EEF2A2AC527008D819F /* PondFishingSwiftUIModel.xcdatamodeld in Sources */ = {isa = PBXBuildFile; fileRef = 160F6EEC2A2AC527008D819F /* PondFishingSwiftUIModel.xcdatamodeld */; };
		160F6EF02A2AC527008D819F /* PondFishingSwiftUIModel.xcdatamodeld in Sources */ = {isa = PBXBuildFile; fileRef = 160F6EEC2A2AC527008D819F /* PondFishingSwiftUIModel.xcdatamodeld */; };
		160F6EF22A2AD193008D819F /* AppDelegate.swift in Sources */ = {isa = PBXBuildFile; fileRef = 160F6EF12A2AD193008D819F /* AppDelegate.swift */; };
		160F6EF82A2ADA11008D819F /* FishingBoatDemarcation+CoreDataFetchExt.swift in Sources */ = {isa = PBXBuildFile; fileRef = 160F6EF62A2ADA11008D819F /* FishingBoatDemarcation+CoreDataFetchExt.swift */; };
		160F6EF92A2ADA11008D819F /* FishingBoatDemarcation+CoreDataFetchExt.swift in Sources */ = {isa = PBXBuildFile; fileRef = 160F6EF62A2ADA11008D819F /* FishingBoatDemarcation+CoreDataFetchExt.swift */; };
		160F6EFA2A2ADA11008D819F /* FishingBoatDemarcation+CoreDataFetchExt.swift in Sources */ = {isa = PBXBuildFile; fileRef = 160F6EF62A2ADA11008D819F /* FishingBoatDemarcation+CoreDataFetchExt.swift */; };
		160F6EFB2A2ADA11008D819F /* FishingBoatDemarcation.swift in Sources */ = {isa = PBXBuildFile; fileRef = 160F6EF72A2ADA11008D819F /* FishingBoatDemarcation.swift */; };
		160F6EFC2A2ADA11008D819F /* FishingBoatDemarcation.swift in Sources */ = {isa = PBXBuildFile; fileRef = 160F6EF72A2ADA11008D819F /* FishingBoatDemarcation.swift */; };
		160F6EFD2A2ADA11008D819F /* FishingBoatDemarcation.swift in Sources */ = {isa = PBXBuildFile; fileRef = 160F6EF72A2ADA11008D819F /* FishingBoatDemarcation.swift */; };
		162D94152A0DE6F10042BC3F /* PondFishingSwiftUIApp.swift in Sources */ = {isa = PBXBuildFile; fileRef = 162D94142A0DE6F10042BC3F /* PondFishingSwiftUIApp.swift */; };
		162D941E2A0DE6F20042BC3F /* Assets.xcassets in Resources */ = {isa = PBXBuildFile; fileRef = 162D941D2A0DE6F20042BC3F /* Assets.xcassets */; };
		162D94222A0DE6F20042BC3F /* Preview Assets.xcassets in Resources */ = {isa = PBXBuildFile; fileRef = 162D94212A0DE6F20042BC3F /* Preview Assets.xcassets */; };
		162D942C2A0DE6F30042BC3F /* PondFishingSwiftUITests.swift in Sources */ = {isa = PBXBuildFile; fileRef = 162D942B2A0DE6F30042BC3F /* PondFishingSwiftUITests.swift */; };
		162D94362A0DE6F30042BC3F /* PondFishingSwiftUIUITests.swift in Sources */ = {isa = PBXBuildFile; fileRef = 162D94352A0DE6F30042BC3F /* PondFishingSwiftUIUITests.swift */; };
		162D94382A0DE6F30042BC3F /* PondFishingSwiftUIUITestsLaunchTests.swift in Sources */ = {isa = PBXBuildFile; fileRef = 162D94372A0DE6F30042BC3F /* PondFishingSwiftUIUITestsLaunchTests.swift */; };
		162D94452A0DF2BF0042BC3F /* MainTabView.swift in Sources */ = {isa = PBXBuildFile; fileRef = 162D94442A0DF2BF0042BC3F /* MainTabView.swift */; };
		162D94462A0DF2BF0042BC3F /* MainTabView.swift in Sources */ = {isa = PBXBuildFile; fileRef = 162D94442A0DF2BF0042BC3F /* MainTabView.swift */; };
		162D94472A0DF2BF0042BC3F /* MainTabView.swift in Sources */ = {isa = PBXBuildFile; fileRef = 162D94442A0DF2BF0042BC3F /* MainTabView.swift */; };
		16B056F02A20033A004D84A5 /* FishingBoatsVM.swift in Sources */ = {isa = PBXBuildFile; fileRef = 16B056EF2A20033A004D84A5 /* FishingBoatsVM.swift */; };
		16B056F12A20033A004D84A5 /* FishingBoatsVM.swift in Sources */ = {isa = PBXBuildFile; fileRef = 16B056EF2A20033A004D84A5 /* FishingBoatsVM.swift */; };
		16B056F22A20033A004D84A5 /* FishingBoatsVM.swift in Sources */ = {isa = PBXBuildFile; fileRef = 16B056EF2A20033A004D84A5 /* FishingBoatsVM.swift */; };
		16B056FD2A200A1D004D84A5 /* DataFlowFunnelCD in Frameworks */ = {isa = PBXBuildFile; productRef = 16B056FC2A200A1D004D84A5 /* DataFlowFunnelCD */; };
		16DC57442A2ABCB600A8FED3 /* FetchAndDescribeDataOperation.swift in Sources */ = {isa = PBXBuildFile; fileRef = 16DC573F2A2ABCB500A8FED3 /* FetchAndDescribeDataOperation.swift */; };
		16DC57452A2ABCB600A8FED3 /* FetchAndDescribeDataOperation.swift in Sources */ = {isa = PBXBuildFile; fileRef = 16DC573F2A2ABCB500A8FED3 /* FetchAndDescribeDataOperation.swift */; };
		16DC57462A2ABCB600A8FED3 /* FetchAndDescribeDataOperation.swift in Sources */ = {isa = PBXBuildFile; fileRef = 16DC573F2A2ABCB500A8FED3 /* FetchAndDescribeDataOperation.swift */; };
		16DC57472A2ABCB600A8FED3 /* CastNetsOperation.swift in Sources */ = {isa = PBXBuildFile; fileRef = 16DC57402A2ABCB500A8FED3 /* CastNetsOperation.swift */; };
		16DC57482A2ABCB600A8FED3 /* CastNetsOperation.swift in Sources */ = {isa = PBXBuildFile; fileRef = 16DC57402A2ABCB500A8FED3 /* CastNetsOperation.swift */; };
		16DC57492A2ABCB600A8FED3 /* CastNetsOperation.swift in Sources */ = {isa = PBXBuildFile; fileRef = 16DC57402A2ABCB500A8FED3 /* CastNetsOperation.swift */; };
		16DC574A2A2ABCB600A8FED3 /* AddFishingBoatOperation.swift in Sources */ = {isa = PBXBuildFile; fileRef = 16DC57412A2ABCB600A8FED3 /* AddFishingBoatOperation.swift */; };
		16DC574B2A2ABCB600A8FED3 /* AddFishingBoatOperation.swift in Sources */ = {isa = PBXBuildFile; fileRef = 16DC57412A2ABCB600A8FED3 /* AddFishingBoatOperation.swift */; };
		16DC574C2A2ABCB600A8FED3 /* AddFishingBoatOperation.swift in Sources */ = {isa = PBXBuildFile; fileRef = 16DC57412A2ABCB600A8FED3 /* AddFishingBoatOperation.swift */; };
		16DC574D2A2ABCB600A8FED3 /* ConcurrentFishingForSingleBoatOperation.swift in Sources */ = {isa = PBXBuildFile; fileRef = 16DC57422A2ABCB600A8FED3 /* ConcurrentFishingForSingleBoatOperation.swift */; };
		16DC574E2A2ABCB600A8FED3 /* ConcurrentFishingForSingleBoatOperation.swift in Sources */ = {isa = PBXBuildFile; fileRef = 16DC57422A2ABCB600A8FED3 /* ConcurrentFishingForSingleBoatOperation.swift */; };
		16DC574F2A2ABCB600A8FED3 /* ConcurrentFishingForSingleBoatOperation.swift in Sources */ = {isa = PBXBuildFile; fileRef = 16DC57422A2ABCB600A8FED3 /* ConcurrentFishingForSingleBoatOperation.swift */; };
		16DC57502A2ABCB600A8FED3 /* ToggleFishingBoatStateOperation.swift in Sources */ = {isa = PBXBuildFile; fileRef = 16DC57432A2ABCB600A8FED3 /* ToggleFishingBoatStateOperation.swift */; };
		16DC57512A2ABCB600A8FED3 /* ToggleFishingBoatStateOperation.swift in Sources */ = {isa = PBXBuildFile; fileRef = 16DC57432A2ABCB600A8FED3 /* ToggleFishingBoatStateOperation.swift */; };
		16DC57522A2ABCB600A8FED3 /* ToggleFishingBoatStateOperation.swift in Sources */ = {isa = PBXBuildFile; fileRef = 16DC57432A2ABCB600A8FED3 /* ToggleFishingBoatStateOperation.swift */; };
		16EB49082A1721FC00A8B6B6 /* BoatCustomCellView.swift in Sources */ = {isa = PBXBuildFile; fileRef = 16EB49072A1721FC00A8B6B6 /* BoatCustomCellView.swift */; };
		16EB49092A1721FC00A8B6B6 /* BoatCustomCellView.swift in Sources */ = {isa = PBXBuildFile; fileRef = 16EB49072A1721FC00A8B6B6 /* BoatCustomCellView.swift */; };
		16EB490A2A1721FC00A8B6B6 /* BoatCustomCellView.swift in Sources */ = {isa = PBXBuildFile; fileRef = 16EB49072A1721FC00A8B6B6 /* BoatCustomCellView.swift */; };
		16EB490B2A17253500A8B6B6 /* Boat.swift in Sources */ = {isa = PBXBuildFile; fileRef = 16EB49052A171F5700A8B6B6 /* Boat.swift */; };
		16EB490C2A17253600A8B6B6 /* Boat.swift in Sources */ = {isa = PBXBuildFile; fileRef = 16EB49052A171F5700A8B6B6 /* Boat.swift */; };
		16EB490D2A17256400A8B6B6 /* Boat.swift in Sources */ = {isa = PBXBuildFile; fileRef = 16EB49052A171F5700A8B6B6 /* Boat.swift */; };
		16FC7A5D2AD78C29002C524A /* PondView.swift in Sources */ = {isa = PBXBuildFile; fileRef = 16FC7A5C2AD78C29002C524A /* PondView.swift */; };
		16FC7A5F2AD79017002C524A /* PondVM.swift in Sources */ = {isa = PBXBuildFile; fileRef = 16FC7A5E2AD79017002C524A /* PondVM.swift */; };
		16FC7A632AD8F96C002C524A /* FishMarketView.swift in Sources */ = {isa = PBXBuildFile; fileRef = 16FC7A622AD8F96C002C524A /* FishMarketView.swift */; };
		16FC7A652AD8FABD002C524A /* FishMarketVM.swift in Sources */ = {isa = PBXBuildFile; fileRef = 16FC7A642AD8FABD002C524A /* FishMarketVM.swift */; };
/* End PBXBuildFile section */

/* Begin PBXContainerItemProxy section */
		162D94282A0DE6F30042BC3F /* PBXContainerItemProxy */ = {
			isa = PBXContainerItemProxy;
			containerPortal = 162D94092A0DE6F10042BC3F /* Project object */;
			proxyType = 1;
			remoteGlobalIDString = 162D94102A0DE6F10042BC3F;
			remoteInfo = PondFishingSwiftUI;
		};
		162D94322A0DE6F30042BC3F /* PBXContainerItemProxy */ = {
			isa = PBXContainerItemProxy;
			containerPortal = 162D94092A0DE6F10042BC3F /* Project object */;
			proxyType = 1;
			remoteGlobalIDString = 162D94102A0DE6F10042BC3F;
			remoteInfo = PondFishingSwiftUI;
		};
/* End PBXContainerItemProxy section */

/* Begin PBXFileReference section */
		1600995F2A17074E009C08FB /* FishingBoatsView.swift */ = {isa = PBXFileReference; lastKnownFileType = sourcecode.swift; path = FishingBoatsView.swift; sourceTree = "<group>"; };
		160F6EED2A2AC527008D819F /* PondFishingSwiftUIModel.xcdatamodel */ = {isa = PBXFileReference; lastKnownFileType = wrapper.xcdatamodel; path = PondFishingSwiftUIModel.xcdatamodel; sourceTree = "<group>"; };
		160F6EF12A2AD193008D819F /* AppDelegate.swift */ = {isa = PBXFileReference; lastKnownFileType = sourcecode.swift; path = AppDelegate.swift; sourceTree = "<group>"; };
		160F6EF62A2ADA11008D819F /* FishingBoatDemarcation+CoreDataFetchExt.swift */ = {isa = PBXFileReference; fileEncoding = 4; lastKnownFileType = sourcecode.swift; path = "FishingBoatDemarcation+CoreDataFetchExt.swift"; sourceTree = "<group>"; };
		160F6EF72A2ADA11008D819F /* FishingBoatDemarcation.swift */ = {isa = PBXFileReference; fileEncoding = 4; lastKnownFileType = sourcecode.swift; path = FishingBoatDemarcation.swift; sourceTree = "<group>"; };
		162D94112A0DE6F10042BC3F /* PondFishingSwiftUI.app */ = {isa = PBXFileReference; explicitFileType = wrapper.application; includeInIndex = 0; path = PondFishingSwiftUI.app; sourceTree = BUILT_PRODUCTS_DIR; };
		162D94142A0DE6F10042BC3F /* PondFishingSwiftUIApp.swift */ = {isa = PBXFileReference; lastKnownFileType = sourcecode.swift; path = PondFishingSwiftUIApp.swift; sourceTree = "<group>"; };
		162D941D2A0DE6F20042BC3F /* Assets.xcassets */ = {isa = PBXFileReference; lastKnownFileType = folder.assetcatalog; path = Assets.xcassets; sourceTree = "<group>"; };
		162D941F2A0DE6F20042BC3F /* PondFishingSwiftUI.entitlements */ = {isa = PBXFileReference; lastKnownFileType = text.plist.entitlements; path = PondFishingSwiftUI.entitlements; sourceTree = "<group>"; };
		162D94212A0DE6F20042BC3F /* Preview Assets.xcassets */ = {isa = PBXFileReference; lastKnownFileType = folder.assetcatalog; path = "Preview Assets.xcassets"; sourceTree = "<group>"; };
		162D94272A0DE6F30042BC3F /* PondFishingSwiftUITests.xctest */ = {isa = PBXFileReference; explicitFileType = wrapper.cfbundle; includeInIndex = 0; path = PondFishingSwiftUITests.xctest; sourceTree = BUILT_PRODUCTS_DIR; };
		162D942B2A0DE6F30042BC3F /* PondFishingSwiftUITests.swift */ = {isa = PBXFileReference; lastKnownFileType = sourcecode.swift; path = PondFishingSwiftUITests.swift; sourceTree = "<group>"; };
		162D94312A0DE6F30042BC3F /* PondFishingSwiftUIUITests.xctest */ = {isa = PBXFileReference; explicitFileType = wrapper.cfbundle; includeInIndex = 0; path = PondFishingSwiftUIUITests.xctest; sourceTree = BUILT_PRODUCTS_DIR; };
		162D94352A0DE6F30042BC3F /* PondFishingSwiftUIUITests.swift */ = {isa = PBXFileReference; lastKnownFileType = sourcecode.swift; path = PondFishingSwiftUIUITests.swift; sourceTree = "<group>"; };
		162D94372A0DE6F30042BC3F /* PondFishingSwiftUIUITestsLaunchTests.swift */ = {isa = PBXFileReference; lastKnownFileType = sourcecode.swift; path = PondFishingSwiftUIUITestsLaunchTests.swift; sourceTree = "<group>"; };
		162D94442A0DF2BF0042BC3F /* MainTabView.swift */ = {isa = PBXFileReference; lastKnownFileType = sourcecode.swift; path = MainTabView.swift; sourceTree = "<group>"; };
		16B056EF2A20033A004D84A5 /* FishingBoatsVM.swift */ = {isa = PBXFileReference; lastKnownFileType = sourcecode.swift; path = FishingBoatsVM.swift; sourceTree = "<group>"; };
		16DC573F2A2ABCB500A8FED3 /* FetchAndDescribeDataOperation.swift */ = {isa = PBXFileReference; fileEncoding = 4; lastKnownFileType = sourcecode.swift; path = FetchAndDescribeDataOperation.swift; sourceTree = "<group>"; };
		16DC57402A2ABCB500A8FED3 /* CastNetsOperation.swift */ = {isa = PBXFileReference; fileEncoding = 4; lastKnownFileType = sourcecode.swift; path = CastNetsOperation.swift; sourceTree = "<group>"; };
		16DC57412A2ABCB600A8FED3 /* AddFishingBoatOperation.swift */ = {isa = PBXFileReference; fileEncoding = 4; lastKnownFileType = sourcecode.swift; path = AddFishingBoatOperation.swift; sourceTree = "<group>"; };
		16DC57422A2ABCB600A8FED3 /* ConcurrentFishingForSingleBoatOperation.swift */ = {isa = PBXFileReference; fileEncoding = 4; lastKnownFileType = sourcecode.swift; path = ConcurrentFishingForSingleBoatOperation.swift; sourceTree = "<group>"; };
		16DC57432A2ABCB600A8FED3 /* ToggleFishingBoatStateOperation.swift */ = {isa = PBXFileReference; fileEncoding = 4; lastKnownFileType = sourcecode.swift; path = ToggleFishingBoatStateOperation.swift; sourceTree = "<group>"; };
		16EB49052A171F5700A8B6B6 /* Boat.swift */ = {isa = PBXFileReference; lastKnownFileType = sourcecode.swift; path = Boat.swift; sourceTree = "<group>"; };
		16EB49072A1721FC00A8B6B6 /* BoatCustomCellView.swift */ = {isa = PBXFileReference; lastKnownFileType = sourcecode.swift; path = BoatCustomCellView.swift; sourceTree = "<group>"; };
		16FC7A5C2AD78C29002C524A /* PondView.swift */ = {isa = PBXFileReference; lastKnownFileType = sourcecode.swift; path = PondView.swift; sourceTree = "<group>"; };
		16FC7A5E2AD79017002C524A /* PondVM.swift */ = {isa = PBXFileReference; lastKnownFileType = sourcecode.swift; path = PondVM.swift; sourceTree = "<group>"; };
		16FC7A622AD8F96C002C524A /* FishMarketView.swift */ = {isa = PBXFileReference; lastKnownFileType = sourcecode.swift; path = FishMarketView.swift; sourceTree = "<group>"; };
		16FC7A642AD8FABD002C524A /* FishMarketVM.swift */ = {isa = PBXFileReference; lastKnownFileType = sourcecode.swift; path = FishMarketVM.swift; sourceTree = "<group>"; };
/* End PBXFileReference section */

/* Begin PBXFrameworksBuildPhase section */
		162D940E2A0DE6F10042BC3F /* Frameworks */ = {
			isa = PBXFrameworksBuildPhase;
			buildActionMask = 2147483647;
			files = (
				16B056FD2A200A1D004D84A5 /* DataFlowFunnelCD in Frameworks */,
			);
			runOnlyForDeploymentPostprocessing = 0;
		};
		162D94242A0DE6F30042BC3F /* Frameworks */ = {
			isa = PBXFrameworksBuildPhase;
			buildActionMask = 2147483647;
			files = (
			);
			runOnlyForDeploymentPostprocessing = 0;
		};
		162D942E2A0DE6F30042BC3F /* Frameworks */ = {
			isa = PBXFrameworksBuildPhase;
			buildActionMask = 2147483647;
			files = (
			);
			runOnlyForDeploymentPostprocessing = 0;
		};
/* End PBXFrameworksBuildPhase section */

/* Begin PBXGroup section */
		1600995B2A1700FE009C08FB /* Pond */ = {
			isa = PBXGroup;
			children = (
				16FC7A592AD78B8E002C524A /* Pond_View */,
				16FC7A5B2AD78BCC002C524A /* Pond_VM */,
			);
			path = Pond;
			sourceTree = "<group>";
		};
		1600995C2A170116009C08FB /* FishingBoats */ = {
			isa = PBXGroup;
			children = (
				16EB49042A171ED100A8B6B6 /* FishingBoats_View */,
				16EB49022A171E8600A8B6B6 /* FishingBoats_VM */,
				16EB49032A171EAA00A8B6B6 /* FishingBoats_Model */,
			);
			path = FishingBoats;
			sourceTree = "<group>";
		};
		1600995D2A17012C009C08FB /* FishMarket */ = {
			isa = PBXGroup;
			children = (
				16FC7A612AD8F7F0002C524A /* FishMarket_View */,
				16FC7A602AD8F7D2002C524A /* FishMarket_VM */,
			);
			path = FishMarket;
			sourceTree = "<group>";
		};
		1600995E2A170158009C08FB /* MainTabView */ = {
			isa = PBXGroup;
			children = (
				162D94442A0DF2BF0042BC3F /* MainTabView.swift */,
			);
			path = MainTabView;
			sourceTree = "<group>";
		};
		160F6EF52A2AD9C0008D819F /* BackgroundTasking */ = {
			isa = PBXGroup;
			children = (
				160F6EF72A2ADA11008D819F /* FishingBoatDemarcation.swift */,
				160F6EF62A2ADA11008D819F /* FishingBoatDemarcation+CoreDataFetchExt.swift */,
			);
			path = BackgroundTasking;
			sourceTree = "<group>";
		};
		162D94082A0DE6F10042BC3F = {
			isa = PBXGroup;
			children = (
				162D94132A0DE6F10042BC3F /* PondFishingSwiftUI */,
				162D942A2A0DE6F30042BC3F /* PondFishingSwiftUITests */,
				162D94342A0DE6F30042BC3F /* PondFishingSwiftUIUITests */,
				162D94122A0DE6F10042BC3F /* Products */,
			);
			sourceTree = "<group>";
		};
		162D94122A0DE6F10042BC3F /* Products */ = {
			isa = PBXGroup;
			children = (
				162D94112A0DE6F10042BC3F /* PondFishingSwiftUI.app */,
				162D94272A0DE6F30042BC3F /* PondFishingSwiftUITests.xctest */,
				162D94312A0DE6F30042BC3F /* PondFishingSwiftUIUITests.xctest */,
			);
			name = Products;
			sourceTree = "<group>";
		};
		162D94132A0DE6F10042BC3F /* PondFishingSwiftUI */ = {
			isa = PBXGroup;
			children = (
				1600995E2A170158009C08FB /* MainTabView */,
				160F6EF52A2AD9C0008D819F /* BackgroundTasking */,
				16DC57342A2AB62000A8FED3 /* PondFishingPersistence */,
				1600995B2A1700FE009C08FB /* Pond */,
				1600995C2A170116009C08FB /* FishingBoats */,
				1600995D2A17012C009C08FB /* FishMarket */,
				162D94142A0DE6F10042BC3F /* PondFishingSwiftUIApp.swift */,
				160F6EF12A2AD193008D819F /* AppDelegate.swift */,
				162D941D2A0DE6F20042BC3F /* Assets.xcassets */,
				162D941F2A0DE6F20042BC3F /* PondFishingSwiftUI.entitlements */,
				162D94202A0DE6F20042BC3F /* Preview Content */,
			);
			path = PondFishingSwiftUI;
			sourceTree = "<group>";
		};
		162D94202A0DE6F20042BC3F /* Preview Content */ = {
			isa = PBXGroup;
			children = (
				162D94212A0DE6F20042BC3F /* Preview Assets.xcassets */,
			);
			path = "Preview Content";
			sourceTree = "<group>";
		};
		162D942A2A0DE6F30042BC3F /* PondFishingSwiftUITests */ = {
			isa = PBXGroup;
			children = (
				162D942B2A0DE6F30042BC3F /* PondFishingSwiftUITests.swift */,
			);
			path = PondFishingSwiftUITests;
			sourceTree = "<group>";
		};
		162D94342A0DE6F30042BC3F /* PondFishingSwiftUIUITests */ = {
			isa = PBXGroup;
			children = (
				162D94352A0DE6F30042BC3F /* PondFishingSwiftUIUITests.swift */,
				162D94372A0DE6F30042BC3F /* PondFishingSwiftUIUITestsLaunchTests.swift */,
			);
			path = PondFishingSwiftUIUITests;
			sourceTree = "<group>";
		};
		16396C3D2A744F4B00217903 /* Debug */ = {
			isa = PBXGroup;
			children = (
				16DC573F2A2ABCB500A8FED3 /* FetchAndDescribeDataOperation.swift */,
			);
			path = Debug;
			sourceTree = "<group>";
		};
		16DC57342A2AB62000A8FED3 /* PondFishingPersistence */ = {
			isa = PBXGroup;
			children = (
				16DC573E2A2ABAEB00A8FED3 /* Operations */,
				160F6EEC2A2AC527008D819F /* PondFishingSwiftUIModel.xcdatamodeld */,
			);
			path = PondFishingPersistence;
			sourceTree = "<group>";
		};
		16DC573E2A2ABAEB00A8FED3 /* Operations */ = {
			isa = PBXGroup;
			children = (
				16396C3D2A744F4B00217903 /* Debug */,
				16DC57412A2ABCB600A8FED3 /* AddFishingBoatOperation.swift */,
				16DC57402A2ABCB500A8FED3 /* CastNetsOperation.swift */,
				16DC57422A2ABCB600A8FED3 /* ConcurrentFishingForSingleBoatOperation.swift */,
				16DC57432A2ABCB600A8FED3 /* ToggleFishingBoatStateOperation.swift */,
			);
			path = Operations;
			sourceTree = "<group>";
		};
		16EB49022A171E8600A8B6B6 /* FishingBoats_VM */ = {
			isa = PBXGroup;
			children = (
				16B056EF2A20033A004D84A5 /* FishingBoatsVM.swift */,
			);
			path = FishingBoats_VM;
			sourceTree = "<group>";
		};
		16EB49032A171EAA00A8B6B6 /* FishingBoats_Model */ = {
			isa = PBXGroup;
			children = (
				16EB49052A171F5700A8B6B6 /* Boat.swift */,
			);
			path = FishingBoats_Model;
			sourceTree = "<group>";
		};
		16EB49042A171ED100A8B6B6 /* FishingBoats_View */ = {
			isa = PBXGroup;
			children = (
				1600995F2A17074E009C08FB /* FishingBoatsView.swift */,
				16EB49072A1721FC00A8B6B6 /* BoatCustomCellView.swift */,
			);
			path = FishingBoats_View;
			sourceTree = "<group>";
		};
		16FC7A592AD78B8E002C524A /* Pond_View */ = {
			isa = PBXGroup;
			children = (
				16FC7A5C2AD78C29002C524A /* PondView.swift */,
			);
			path = Pond_View;
			sourceTree = "<group>";
		};
		16FC7A5B2AD78BCC002C524A /* Pond_VM */ = {
			isa = PBXGroup;
			children = (
				16FC7A5E2AD79017002C524A /* PondVM.swift */,
			);
			path = Pond_VM;
			sourceTree = "<group>";
		};
		16FC7A602AD8F7D2002C524A /* FishMarket_VM */ = {
			isa = PBXGroup;
			children = (
				16FC7A642AD8FABD002C524A /* FishMarketVM.swift */,
			);
			path = FishMarket_VM;
			sourceTree = "<group>";
		};
		16FC7A612AD8F7F0002C524A /* FishMarket_View */ = {
			isa = PBXGroup;
			children = (
				16FC7A622AD8F96C002C524A /* FishMarketView.swift */,
			);
			path = FishMarket_View;
			sourceTree = "<group>";
		};
/* End PBXGroup section */

/* Begin PBXNativeTarget section */
		162D94102A0DE6F10042BC3F /* PondFishingSwiftUI */ = {
			isa = PBXNativeTarget;
			buildConfigurationList = 162D943B2A0DE6F30042BC3F /* Build configuration list for PBXNativeTarget "PondFishingSwiftUI" */;
			buildPhases = (
				162D940D2A0DE6F10042BC3F /* Sources */,
				162D940E2A0DE6F10042BC3F /* Frameworks */,
				162D940F2A0DE6F10042BC3F /* Resources */,
			);
			buildRules = (
			);
			dependencies = (
			);
			name = PondFishingSwiftUI;
			packageProductDependencies = (
				16B056FC2A200A1D004D84A5 /* DataFlowFunnelCD */,
			);
			productName = PondFishingSwiftUI;
			productReference = 162D94112A0DE6F10042BC3F /* PondFishingSwiftUI.app */;
			productType = "com.apple.product-type.application";
		};
		162D94262A0DE6F30042BC3F /* PondFishingSwiftUITests */ = {
			isa = PBXNativeTarget;
			buildConfigurationList = 162D943E2A0DE6F30042BC3F /* Build configuration list for PBXNativeTarget "PondFishingSwiftUITests" */;
			buildPhases = (
				162D94232A0DE6F30042BC3F /* Sources */,
				162D94242A0DE6F30042BC3F /* Frameworks */,
				162D94252A0DE6F30042BC3F /* Resources */,
			);
			buildRules = (
			);
			dependencies = (
				162D94292A0DE6F30042BC3F /* PBXTargetDependency */,
			);
			name = PondFishingSwiftUITests;
			productName = PondFishingSwiftUITests;
			productReference = 162D94272A0DE6F30042BC3F /* PondFishingSwiftUITests.xctest */;
			productType = "com.apple.product-type.bundle.unit-test";
		};
		162D94302A0DE6F30042BC3F /* PondFishingSwiftUIUITests */ = {
			isa = PBXNativeTarget;
			buildConfigurationList = 162D94412A0DE6F30042BC3F /* Build configuration list for PBXNativeTarget "PondFishingSwiftUIUITests" */;
			buildPhases = (
				162D942D2A0DE6F30042BC3F /* Sources */,
				162D942E2A0DE6F30042BC3F /* Frameworks */,
				162D942F2A0DE6F30042BC3F /* Resources */,
			);
			buildRules = (
			);
			dependencies = (
				162D94332A0DE6F30042BC3F /* PBXTargetDependency */,
			);
			name = PondFishingSwiftUIUITests;
			productName = PondFishingSwiftUIUITests;
			productReference = 162D94312A0DE6F30042BC3F /* PondFishingSwiftUIUITests.xctest */;
			productType = "com.apple.product-type.bundle.ui-testing";
		};
/* End PBXNativeTarget section */

/* Begin PBXProject section */
		162D94092A0DE6F10042BC3F /* Project object */ = {
			isa = PBXProject;
			attributes = {
				BuildIndependentTargetsInParallel = 1;
				LastSwiftUpdateCheck = 1430;
				LastUpgradeCheck = 1620;
				TargetAttributes = {
					162D94102A0DE6F10042BC3F = {
						CreatedOnToolsVersion = 14.3;
					};
					162D94262A0DE6F30042BC3F = {
						CreatedOnToolsVersion = 14.3;
						TestTargetID = 162D94102A0DE6F10042BC3F;
					};
					162D94302A0DE6F30042BC3F = {
						CreatedOnToolsVersion = 14.3;
						TestTargetID = 162D94102A0DE6F10042BC3F;
					};
				};
			};
			buildConfigurationList = 162D940C2A0DE6F10042BC3F /* Build configuration list for PBXProject "PondFishingSwiftUI" */;
			compatibilityVersion = "Xcode 14.0";
			developmentRegion = en;
			hasScannedForEncodings = 0;
			knownRegions = (
				en,
				Base,
			);
			mainGroup = 162D94082A0DE6F10042BC3F;
			packageReferences = (
				16B056FB2A200A1D004D84A5 /* XCRemoteSwiftPackageReference "DataFlowFunnelCD" */,
			);
			productRefGroup = 162D94122A0DE6F10042BC3F /* Products */;
			projectDirPath = "";
			projectRoot = "";
			targets = (
				162D94102A0DE6F10042BC3F /* PondFishingSwiftUI */,
				162D94262A0DE6F30042BC3F /* PondFishingSwiftUITests */,
				162D94302A0DE6F30042BC3F /* PondFishingSwiftUIUITests */,
			);
		};
/* End PBXProject section */

/* Begin PBXResourcesBuildPhase section */
		162D940F2A0DE6F10042BC3F /* Resources */ = {
			isa = PBXResourcesBuildPhase;
			buildActionMask = 2147483647;
			files = (
				162D94222A0DE6F20042BC3F /* Preview Assets.xcassets in Resources */,
				162D941E2A0DE6F20042BC3F /* Assets.xcassets in Resources */,
			);
			runOnlyForDeploymentPostprocessing = 0;
		};
		162D94252A0DE6F30042BC3F /* Resources */ = {
			isa = PBXResourcesBuildPhase;
			buildActionMask = 2147483647;
			files = (
			);
			runOnlyForDeploymentPostprocessing = 0;
		};
		162D942F2A0DE6F30042BC3F /* Resources */ = {
			isa = PBXResourcesBuildPhase;
			buildActionMask = 2147483647;
			files = (
			);
			runOnlyForDeploymentPostprocessing = 0;
		};
/* End PBXResourcesBuildPhase section */

/* Begin PBXSourcesBuildPhase section */
		162D940D2A0DE6F10042BC3F /* Sources */ = {
			isa = PBXSourcesBuildPhase;
			buildActionMask = 2147483647;
			files = (
				16DC574A2A2ABCB600A8FED3 /* AddFishingBoatOperation.swift in Sources */,
				16DC57472A2ABCB600A8FED3 /* CastNetsOperation.swift in Sources */,
				16FC7A632AD8F96C002C524A /* FishMarketView.swift in Sources */,
				160F6EF82A2ADA11008D819F /* FishingBoatDemarcation+CoreDataFetchExt.swift in Sources */,
				162D94152A0DE6F10042BC3F /* PondFishingSwiftUIApp.swift in Sources */,
				16DC57502A2ABCB600A8FED3 /* ToggleFishingBoatStateOperation.swift in Sources */,
				16EB490D2A17256400A8B6B6 /* Boat.swift in Sources */,
				160F6EF22A2AD193008D819F /* AppDelegate.swift in Sources */,
				160F6EFB2A2ADA11008D819F /* FishingBoatDemarcation.swift in Sources */,
				16FC7A5F2AD79017002C524A /* PondVM.swift in Sources */,
				16DC57442A2ABCB600A8FED3 /* FetchAndDescribeDataOperation.swift in Sources */,
				16B056F02A20033A004D84A5 /* FishingBoatsVM.swift in Sources */,
				160F6EEE2A2AC527008D819F /* PondFishingSwiftUIModel.xcdatamodeld in Sources */,
				16DC574D2A2ABCB600A8FED3 /* ConcurrentFishingForSingleBoatOperation.swift in Sources */,
				162D94452A0DF2BF0042BC3F /* MainTabView.swift in Sources */,
				16FC7A5D2AD78C29002C524A /* PondView.swift in Sources */,
				160099602A17074E009C08FB /* FishingBoatsView.swift in Sources */,
				16FC7A652AD8FABD002C524A /* FishMarketVM.swift in Sources */,
				16EB49082A1721FC00A8B6B6 /* BoatCustomCellView.swift in Sources */,
			);
			runOnlyForDeploymentPostprocessing = 0;
		};
		162D94232A0DE6F30042BC3F /* Sources */ = {
			isa = PBXSourcesBuildPhase;
			buildActionMask = 2147483647;
			files = (
				16EB49092A1721FC00A8B6B6 /* BoatCustomCellView.swift in Sources */,
				162D942C2A0DE6F30042BC3F /* PondFishingSwiftUITests.swift in Sources */,
				160F6EF92A2ADA11008D819F /* FishingBoatDemarcation+CoreDataFetchExt.swift in Sources */,
				16DC574B2A2ABCB600A8FED3 /* AddFishingBoatOperation.swift in Sources */,
				162D94462A0DF2BF0042BC3F /* MainTabView.swift in Sources */,
				16DC57482A2ABCB600A8FED3 /* CastNetsOperation.swift in Sources */,
				16DC57512A2ABCB600A8FED3 /* ToggleFishingBoatStateOperation.swift in Sources */,
				16DC574E2A2ABCB600A8FED3 /* ConcurrentFishingForSingleBoatOperation.swift in Sources */,
				16EB490B2A17253500A8B6B6 /* Boat.swift in Sources */,
				160F6EFC2A2ADA11008D819F /* FishingBoatDemarcation.swift in Sources */,
				160F6EEF2A2AC527008D819F /* PondFishingSwiftUIModel.xcdatamodeld in Sources */,
				16B056F12A20033A004D84A5 /* FishingBoatsVM.swift in Sources */,
				16DC57452A2ABCB600A8FED3 /* FetchAndDescribeDataOperation.swift in Sources */,
			);
			runOnlyForDeploymentPostprocessing = 0;
		};
		162D942D2A0DE6F30042BC3F /* Sources */ = {
			isa = PBXSourcesBuildPhase;
			buildActionMask = 2147483647;
			files = (
				16DC57492A2ABCB600A8FED3 /* CastNetsOperation.swift in Sources */,
				162D94382A0DE6F30042BC3F /* PondFishingSwiftUIUITestsLaunchTests.swift in Sources */,
				16DC574C2A2ABCB600A8FED3 /* AddFishingBoatOperation.swift in Sources */,
				16DC57462A2ABCB600A8FED3 /* FetchAndDescribeDataOperation.swift in Sources */,
				16B056F22A20033A004D84A5 /* FishingBoatsVM.swift in Sources */,
				162D94362A0DE6F30042BC3F /* PondFishingSwiftUIUITests.swift in Sources */,
				162D94472A0DF2BF0042BC3F /* MainTabView.swift in Sources */,
				160F6EFA2A2ADA11008D819F /* FishingBoatDemarcation+CoreDataFetchExt.swift in Sources */,
				16DC57522A2ABCB600A8FED3 /* ToggleFishingBoatStateOperation.swift in Sources */,
				16EB490A2A1721FC00A8B6B6 /* BoatCustomCellView.swift in Sources */,
				160F6EFD2A2ADA11008D819F /* FishingBoatDemarcation.swift in Sources */,
				16EB490C2A17253600A8B6B6 /* Boat.swift in Sources */,
				16DC574F2A2ABCB600A8FED3 /* ConcurrentFishingForSingleBoatOperation.swift in Sources */,
				160F6EF02A2AC527008D819F /* PondFishingSwiftUIModel.xcdatamodeld in Sources */,
			);
			runOnlyForDeploymentPostprocessing = 0;
		};
/* End PBXSourcesBuildPhase section */

/* Begin PBXTargetDependency section */
		162D94292A0DE6F30042BC3F /* PBXTargetDependency */ = {
			isa = PBXTargetDependency;
			target = 162D94102A0DE6F10042BC3F /* PondFishingSwiftUI */;
			targetProxy = 162D94282A0DE6F30042BC3F /* PBXContainerItemProxy */;
		};
		162D94332A0DE6F30042BC3F /* PBXTargetDependency */ = {
			isa = PBXTargetDependency;
			target = 162D94102A0DE6F10042BC3F /* PondFishingSwiftUI */;
			targetProxy = 162D94322A0DE6F30042BC3F /* PBXContainerItemProxy */;
		};
/* End PBXTargetDependency section */

/* Begin XCBuildConfiguration section */
		162D94392A0DE6F30042BC3F /* Debug */ = {
			isa = XCBuildConfiguration;
			buildSettings = {
				ALWAYS_SEARCH_USER_PATHS = NO;
				CLANG_ANALYZER_NONNULL = YES;
				CLANG_ANALYZER_NUMBER_OBJECT_CONVERSION = YES_AGGRESSIVE;
				CLANG_CXX_LANGUAGE_STANDARD = "gnu++20";
				CLANG_ENABLE_MODULES = YES;
				CLANG_ENABLE_OBJC_ARC = YES;
				CLANG_ENABLE_OBJC_WEAK = YES;
				CLANG_WARN_BLOCK_CAPTURE_AUTORELEASING = YES;
				CLANG_WARN_BOOL_CONVERSION = YES;
				CLANG_WARN_COMMA = YES;
				CLANG_WARN_CONSTANT_CONVERSION = YES;
				CLANG_WARN_DEPRECATED_OBJC_IMPLEMENTATIONS = YES;
				CLANG_WARN_DIRECT_OBJC_ISA_USAGE = YES_ERROR;
				CLANG_WARN_DOCUMENTATION_COMMENTS = YES;
				CLANG_WARN_EMPTY_BODY = YES;
				CLANG_WARN_ENUM_CONVERSION = YES;
				CLANG_WARN_INFINITE_RECURSION = YES;
				CLANG_WARN_INT_CONVERSION = YES;
				CLANG_WARN_NON_LITERAL_NULL_CONVERSION = YES;
				CLANG_WARN_OBJC_IMPLICIT_RETAIN_SELF = YES;
				CLANG_WARN_OBJC_LITERAL_CONVERSION = YES;
				CLANG_WARN_OBJC_ROOT_CLASS = YES_ERROR;
				CLANG_WARN_QUOTED_INCLUDE_IN_FRAMEWORK_HEADER = YES;
				CLANG_WARN_RANGE_LOOP_ANALYSIS = YES;
				CLANG_WARN_STRICT_PROTOTYPES = YES;
				CLANG_WARN_SUSPICIOUS_MOVE = YES;
				CLANG_WARN_UNGUARDED_AVAILABILITY = YES_AGGRESSIVE;
				CLANG_WARN_UNREACHABLE_CODE = YES;
				CLANG_WARN__DUPLICATE_METHOD_MATCH = YES;
				COPY_PHASE_STRIP = NO;
				DEAD_CODE_STRIPPING = YES;
				DEBUG_INFORMATION_FORMAT = dwarf;
				ENABLE_STRICT_OBJC_MSGSEND = YES;
				ENABLE_TESTABILITY = YES;
				ENABLE_USER_SCRIPT_SANDBOXING = YES;
				GCC_C_LANGUAGE_STANDARD = gnu11;
				GCC_DYNAMIC_NO_PIC = NO;
				GCC_NO_COMMON_BLOCKS = YES;
				GCC_OPTIMIZATION_LEVEL = 0;
				GCC_PREPROCESSOR_DEFINITIONS = (
					"DEBUG=1",
					"$(inherited)",
				);
				GCC_WARN_64_TO_32_BIT_CONVERSION = YES;
				GCC_WARN_ABOUT_RETURN_TYPE = YES_ERROR;
				GCC_WARN_UNDECLARED_SELECTOR = YES;
				GCC_WARN_UNINITIALIZED_AUTOS = YES_AGGRESSIVE;
				GCC_WARN_UNUSED_FUNCTION = YES;
				GCC_WARN_UNUSED_VARIABLE = YES;
				MTL_ENABLE_DEBUG_INFO = INCLUDE_SOURCE;
				MTL_FAST_MATH = YES;
				ONLY_ACTIVE_ARCH = YES;
				SWIFT_ACTIVE_COMPILATION_CONDITIONS = DEBUG;
				SWIFT_OPTIMIZATION_LEVEL = "-Onone";
			};
			name = Debug;
		};
		162D943A2A0DE6F30042BC3F /* Release */ = {
			isa = XCBuildConfiguration;
			buildSettings = {
				ALWAYS_SEARCH_USER_PATHS = NO;
				CLANG_ANALYZER_NONNULL = YES;
				CLANG_ANALYZER_NUMBER_OBJECT_CONVERSION = YES_AGGRESSIVE;
				CLANG_CXX_LANGUAGE_STANDARD = "gnu++20";
				CLANG_ENABLE_MODULES = YES;
				CLANG_ENABLE_OBJC_ARC = YES;
				CLANG_ENABLE_OBJC_WEAK = YES;
				CLANG_WARN_BLOCK_CAPTURE_AUTORELEASING = YES;
				CLANG_WARN_BOOL_CONVERSION = YES;
				CLANG_WARN_COMMA = YES;
				CLANG_WARN_CONSTANT_CONVERSION = YES;
				CLANG_WARN_DEPRECATED_OBJC_IMPLEMENTATIONS = YES;
				CLANG_WARN_DIRECT_OBJC_ISA_USAGE = YES_ERROR;
				CLANG_WARN_DOCUMENTATION_COMMENTS = YES;
				CLANG_WARN_EMPTY_BODY = YES;
				CLANG_WARN_ENUM_CONVERSION = YES;
				CLANG_WARN_INFINITE_RECURSION = YES;
				CLANG_WARN_INT_CONVERSION = YES;
				CLANG_WARN_NON_LITERAL_NULL_CONVERSION = YES;
				CLANG_WARN_OBJC_IMPLICIT_RETAIN_SELF = YES;
				CLANG_WARN_OBJC_LITERAL_CONVERSION = YES;
				CLANG_WARN_OBJC_ROOT_CLASS = YES_ERROR;
				CLANG_WARN_QUOTED_INCLUDE_IN_FRAMEWORK_HEADER = YES;
				CLANG_WARN_RANGE_LOOP_ANALYSIS = YES;
				CLANG_WARN_STRICT_PROTOTYPES = YES;
				CLANG_WARN_SUSPICIOUS_MOVE = YES;
				CLANG_WARN_UNGUARDED_AVAILABILITY = YES_AGGRESSIVE;
				CLANG_WARN_UNREACHABLE_CODE = YES;
				CLANG_WARN__DUPLICATE_METHOD_MATCH = YES;
				COPY_PHASE_STRIP = NO;
				DEAD_CODE_STRIPPING = YES;
				DEBUG_INFORMATION_FORMAT = "dwarf-with-dsym";
				ENABLE_NS_ASSERTIONS = NO;
				ENABLE_STRICT_OBJC_MSGSEND = YES;
				ENABLE_USER_SCRIPT_SANDBOXING = YES;
				GCC_C_LANGUAGE_STANDARD = gnu11;
				GCC_NO_COMMON_BLOCKS = YES;
				GCC_WARN_64_TO_32_BIT_CONVERSION = YES;
				GCC_WARN_ABOUT_RETURN_TYPE = YES_ERROR;
				GCC_WARN_UNDECLARED_SELECTOR = YES;
				GCC_WARN_UNINITIALIZED_AUTOS = YES_AGGRESSIVE;
				GCC_WARN_UNUSED_FUNCTION = YES;
				GCC_WARN_UNUSED_VARIABLE = YES;
				MTL_ENABLE_DEBUG_INFO = NO;
				MTL_FAST_MATH = YES;
				SWIFT_COMPILATION_MODE = wholemodule;
				SWIFT_OPTIMIZATION_LEVEL = "-O";
			};
			name = Release;
		};
		162D943C2A0DE6F30042BC3F /* Debug */ = {
			isa = XCBuildConfiguration;
			buildSettings = {
				ASSETCATALOG_COMPILER_APPICON_NAME = AppIcon;
				ASSETCATALOG_COMPILER_GLOBAL_ACCENT_COLOR_NAME = AccentColor;
				CODE_SIGN_ENTITLEMENTS = PondFishingSwiftUI/PondFishingSwiftUI.entitlements;
				CODE_SIGN_STYLE = Automatic;
				CURRENT_PROJECT_VERSION = 1;
				DEAD_CODE_STRIPPING = YES;
				DEVELOPMENT_ASSET_PATHS = "\"PondFishingSwiftUI/Preview Content\"";
				DEVELOPMENT_TEAM = X2C38FG4S4;
				ENABLE_HARDENED_RUNTIME = YES;
				ENABLE_PREVIEWS = YES;
				GENERATE_INFOPLIST_FILE = YES;
				INFOPLIST_KEY_CFBundleDisplayName = PondFishing;
				"INFOPLIST_KEY_UIApplicationSceneManifest_Generation[sdk=iphoneos*]" = YES;
				"INFOPLIST_KEY_UIApplicationSceneManifest_Generation[sdk=iphonesimulator*]" = YES;
				"INFOPLIST_KEY_UIApplicationSupportsIndirectInputEvents[sdk=iphoneos*]" = YES;
				"INFOPLIST_KEY_UIApplicationSupportsIndirectInputEvents[sdk=iphonesimulator*]" = YES;
				"INFOPLIST_KEY_UILaunchScreen_Generation[sdk=iphoneos*]" = YES;
				"INFOPLIST_KEY_UILaunchScreen_Generation[sdk=iphonesimulator*]" = YES;
				"INFOPLIST_KEY_UIStatusBarStyle[sdk=iphoneos*]" = UIStatusBarStyleDefault;
				"INFOPLIST_KEY_UIStatusBarStyle[sdk=iphonesimulator*]" = UIStatusBarStyleDefault;
				INFOPLIST_KEY_UISupportedInterfaceOrientations = UIInterfaceOrientationPortrait;
				IPHONEOS_DEPLOYMENT_TARGET = 17.0;
				LD_RUNPATH_SEARCH_PATHS = "@executable_path/Frameworks";
				"LD_RUNPATH_SEARCH_PATHS[sdk=macosx*]" = "@executable_path/../Frameworks";
				MACOSX_DEPLOYMENT_TARGET = 14.0;
				MARKETING_VERSION = 1.1;
				PRODUCT_BUNDLE_IDENTIFIER = com.matthewferguson.PondFishingSwiftUI;
				PRODUCT_NAME = "$(TARGET_NAME)";
				SDKROOT = auto;
				SUPPORTED_PLATFORMS = "iphoneos iphonesimulator";
				SUPPORTS_MACCATALYST = NO;
				SWIFT_EMIT_LOC_STRINGS = YES;
				SWIFT_VERSION = 5.0;
				TARGETED_DEVICE_FAMILY = 1;
			};
			name = Debug;
		};
		162D943D2A0DE6F30042BC3F /* Release */ = {
			isa = XCBuildConfiguration;
			buildSettings = {
				ASSETCATALOG_COMPILER_APPICON_NAME = AppIcon;
				ASSETCATALOG_COMPILER_GLOBAL_ACCENT_COLOR_NAME = AccentColor;
				CODE_SIGN_ENTITLEMENTS = PondFishingSwiftUI/PondFishingSwiftUI.entitlements;
				CODE_SIGN_STYLE = Automatic;
				CURRENT_PROJECT_VERSION = 1;
				DEAD_CODE_STRIPPING = YES;
				DEVELOPMENT_ASSET_PATHS = "\"PondFishingSwiftUI/Preview Content\"";
				DEVELOPMENT_TEAM = X2C38FG4S4;
				ENABLE_HARDENED_RUNTIME = YES;
				ENABLE_PREVIEWS = YES;
				GENERATE_INFOPLIST_FILE = YES;
				INFOPLIST_KEY_CFBundleDisplayName = PondFishing;
				"INFOPLIST_KEY_UIApplicationSceneManifest_Generation[sdk=iphoneos*]" = YES;
				"INFOPLIST_KEY_UIApplicationSceneManifest_Generation[sdk=iphonesimulator*]" = YES;
				"INFOPLIST_KEY_UIApplicationSupportsIndirectInputEvents[sdk=iphoneos*]" = YES;
				"INFOPLIST_KEY_UIApplicationSupportsIndirectInputEvents[sdk=iphonesimulator*]" = YES;
				"INFOPLIST_KEY_UILaunchScreen_Generation[sdk=iphoneos*]" = YES;
				"INFOPLIST_KEY_UILaunchScreen_Generation[sdk=iphonesimulator*]" = YES;
				"INFOPLIST_KEY_UIStatusBarStyle[sdk=iphoneos*]" = UIStatusBarStyleDefault;
				"INFOPLIST_KEY_UIStatusBarStyle[sdk=iphonesimulator*]" = UIStatusBarStyleDefault;
				INFOPLIST_KEY_UISupportedInterfaceOrientations = UIInterfaceOrientationPortrait;
				IPHONEOS_DEPLOYMENT_TARGET = 17.0;
				LD_RUNPATH_SEARCH_PATHS = "@executable_path/Frameworks";
				"LD_RUNPATH_SEARCH_PATHS[sdk=macosx*]" = "@executable_path/../Frameworks";
				MACOSX_DEPLOYMENT_TARGET = 14.0;
				MARKETING_VERSION = 1.1;
				PRODUCT_BUNDLE_IDENTIFIER = com.matthewferguson.PondFishingSwiftUI;
				PRODUCT_NAME = "$(TARGET_NAME)";
				SDKROOT = auto;
				SUPPORTED_PLATFORMS = "iphoneos iphonesimulator";
				SUPPORTS_MACCATALYST = NO;
				SWIFT_EMIT_LOC_STRINGS = YES;
				SWIFT_VERSION = 5.0;
				TARGETED_DEVICE_FAMILY = 1;
			};
			name = Release;
		};
		162D943F2A0DE6F30042BC3F /* Debug */ = {
			isa = XCBuildConfiguration;
			buildSettings = {
				BUNDLE_LOADER = "$(TEST_HOST)";
				CODE_SIGN_STYLE = Automatic;
				CURRENT_PROJECT_VERSION = 1;
				DEAD_CODE_STRIPPING = YES;
				DEVELOPMENT_TEAM = X2C38FG4S4;
				GENERATE_INFOPLIST_FILE = YES;
				IPHONEOS_DEPLOYMENT_TARGET = 16.4;
				MACOSX_DEPLOYMENT_TARGET = 13.3;
				MARKETING_VERSION = 1.0;
				PRODUCT_BUNDLE_IDENTIFIER = com.matthewferguson.PondFishingSwiftUITests;
				PRODUCT_NAME = "$(TARGET_NAME)";
				SDKROOT = auto;
				SUPPORTED_PLATFORMS = "iphoneos iphonesimulator macosx";
				SWIFT_EMIT_LOC_STRINGS = NO;
				SWIFT_VERSION = 5.0;
				TARGETED_DEVICE_FAMILY = "1,2";
				TEST_HOST = "$(BUILT_PRODUCTS_DIR)/PondFishingSwiftUI.app/$(BUNDLE_EXECUTABLE_FOLDER_PATH)/PondFishingSwiftUI";
			};
			name = Debug;
		};
		162D94402A0DE6F30042BC3F /* Release */ = {
			isa = XCBuildConfiguration;
			buildSettings = {
				BUNDLE_LOADER = "$(TEST_HOST)";
				CODE_SIGN_STYLE = Automatic;
				CURRENT_PROJECT_VERSION = 1;
				DEAD_CODE_STRIPPING = YES;
				DEVELOPMENT_TEAM = X2C38FG4S4;
				GENERATE_INFOPLIST_FILE = YES;
				IPHONEOS_DEPLOYMENT_TARGET = 16.4;
				MACOSX_DEPLOYMENT_TARGET = 13.3;
				MARKETING_VERSION = 1.0;
				PRODUCT_BUNDLE_IDENTIFIER = com.matthewferguson.PondFishingSwiftUITests;
				PRODUCT_NAME = "$(TARGET_NAME)";
				SDKROOT = auto;
				SUPPORTED_PLATFORMS = "iphoneos iphonesimulator macosx";
				SWIFT_EMIT_LOC_STRINGS = NO;
				SWIFT_VERSION = 5.0;
				TARGETED_DEVICE_FAMILY = "1,2";
				TEST_HOST = "$(BUILT_PRODUCTS_DIR)/PondFishingSwiftUI.app/$(BUNDLE_EXECUTABLE_FOLDER_PATH)/PondFishingSwiftUI";
			};
			name = Release;
		};
		162D94422A0DE6F30042BC3F /* Debug */ = {
			isa = XCBuildConfiguration;
			buildSettings = {
				CODE_SIGN_STYLE = Automatic;
				CURRENT_PROJECT_VERSION = 1;
				DEAD_CODE_STRIPPING = YES;
				DEVELOPMENT_TEAM = X2C38FG4S4;
				GENERATE_INFOPLIST_FILE = YES;
				IPHONEOS_DEPLOYMENT_TARGET = 16.4;
				MACOSX_DEPLOYMENT_TARGET = 13.3;
				MARKETING_VERSION = 1.0;
				PRODUCT_BUNDLE_IDENTIFIER = com.matthewferguson.PondFishingSwiftUIUITests;
				PRODUCT_NAME = "$(TARGET_NAME)";
				SDKROOT = auto;
				SUPPORTED_PLATFORMS = "iphoneos iphonesimulator macosx";
				SWIFT_EMIT_LOC_STRINGS = NO;
				SWIFT_VERSION = 5.0;
				TARGETED_DEVICE_FAMILY = "1,2";
				TEST_TARGET_NAME = PondFishingSwiftUI;
			};
			name = Debug;
		};
		162D94432A0DE6F30042BC3F /* Release */ = {
			isa = XCBuildConfiguration;
			buildSettings = {
				CODE_SIGN_STYLE = Automatic;
				CURRENT_PROJECT_VERSION = 1;
				DEAD_CODE_STRIPPING = YES;
				DEVELOPMENT_TEAM = X2C38FG4S4;
				GENERATE_INFOPLIST_FILE = YES;
				IPHONEOS_DEPLOYMENT_TARGET = 16.4;
				MACOSX_DEPLOYMENT_TARGET = 13.3;
				MARKETING_VERSION = 1.0;
				PRODUCT_BUNDLE_IDENTIFIER = com.matthewferguson.PondFishingSwiftUIUITests;
				PRODUCT_NAME = "$(TARGET_NAME)";
				SDKROOT = auto;
				SUPPORTED_PLATFORMS = "iphoneos iphonesimulator macosx";
				SWIFT_EMIT_LOC_STRINGS = NO;
				SWIFT_VERSION = 5.0;
				TARGETED_DEVICE_FAMILY = "1,2";
				TEST_TARGET_NAME = PondFishingSwiftUI;
			};
			name = Release;
		};
/* End XCBuildConfiguration section */

/* Begin XCConfigurationList section */
		162D940C2A0DE6F10042BC3F /* Build configuration list for PBXProject "PondFishingSwiftUI" */ = {
			isa = XCConfigurationList;
			buildConfigurations = (
				162D94392A0DE6F30042BC3F /* Debug */,
				162D943A2A0DE6F30042BC3F /* Release */,
			);
			defaultConfigurationIsVisible = 0;
			defaultConfigurationName = Release;
		};
		162D943B2A0DE6F30042BC3F /* Build configuration list for PBXNativeTarget "PondFishingSwiftUI" */ = {
			isa = XCConfigurationList;
			buildConfigurations = (
				162D943C2A0DE6F30042BC3F /* Debug */,
				162D943D2A0DE6F30042BC3F /* Release */,
			);
			defaultConfigurationIsVisible = 0;
			defaultConfigurationName = Release;
		};
		162D943E2A0DE6F30042BC3F /* Build configuration list for PBXNativeTarget "PondFishingSwiftUITests" */ = {
			isa = XCConfigurationList;
			buildConfigurations = (
				162D943F2A0DE6F30042BC3F /* Debug */,
				162D94402A0DE6F30042BC3F /* Release */,
			);
			defaultConfigurationIsVisible = 0;
			defaultConfigurationName = Release;
		};
		162D94412A0DE6F30042BC3F /* Build configuration list for PBXNativeTarget "PondFishingSwiftUIUITests" */ = {
			isa = XCConfigurationList;
			buildConfigurations = (
				162D94422A0DE6F30042BC3F /* Debug */,
				162D94432A0DE6F30042BC3F /* Release */,
			);
			defaultConfigurationIsVisible = 0;
			defaultConfigurationName = Release;
		};
/* End XCConfigurationList section */

/* Begin XCRemoteSwiftPackageReference section */
		16B056FB2A200A1D004D84A5 /* XCRemoteSwiftPackageReference "DataFlowFunnelCD" */ = {
			isa = XCRemoteSwiftPackageReference;
			repositoryURL = "https://github.com/matthewferguson/DataFlowFunnelCD.git";
			requirement = {
				kind = upToNextMajorVersion;
				minimumVersion = 1.0.0;
			};
		};
/* End XCRemoteSwiftPackageReference section */

/* Begin XCSwiftPackageProductDependency section */
		16B056FC2A200A1D004D84A5 /* DataFlowFunnelCD */ = {
			isa = XCSwiftPackageProductDependency;
			package = 16B056FB2A200A1D004D84A5 /* XCRemoteSwiftPackageReference "DataFlowFunnelCD" */;
			productName = DataFlowFunnelCD;
		};
/* End XCSwiftPackageProductDependency section */

/* Begin XCVersionGroup section */
		160F6EEC2A2AC527008D819F /* PondFishingSwiftUIModel.xcdatamodeld */ = {
			isa = XCVersionGroup;
			children = (
				160F6EED2A2AC527008D819F /* PondFishingSwiftUIModel.xcdatamodel */,
			);
			currentVersion = 160F6EED2A2AC527008D819F /* PondFishingSwiftUIModel.xcdatamodel */;
			path = PondFishingSwiftUIModel.xcdatamodeld;
			sourceTree = "<group>";
			versionGroupType = wrapper.xcdatamodel;
		};
/* End XCVersionGroup section */
	};
	rootObject = 162D94092A0DE6F10042BC3F /* Project object */;
}
